github.com/PaulSonOfLars/gotgbot/v2 v2.0.0-rc.33.0.20250728083142-761546703e31 h1:HdboRC76YZ8SXvBnVFiI6vOc8PlCeDZt8CWeOEqb62E=
github.com/PaulSonOfLars/gotgbot/v2 v2.0.0-rc.33.0.20250728083142-761546703e31/go.mod h1:BSzsfjlE0wakLw2/U1FtO8rdVt+Z+4VyoGo/YcGD9QQ=
github.com/andybalholm/brotli v1.2.0 h1:ukwgCxwYrmACq68yiUqwIWnGY0cTPox/M94sVwToPjQ=
github.com/andybalholm/brotli v1.2.0/go.mod h1:rzTDkvFWvIrjDXZHkuS16NPggd91W3kUSvPlQ1pLaKY=
github.com/enetx/fsm v0.0.0-20250815191710-af9e5220af0c h1:8eLOU2/W1Z1ZGvJPwlpc9m0mP2b+zYAArJ0G5tGhW3Y=
github.com/enetx/fsm v0.0.0-20250815191710-af9e5220af0c/go.mod h1:kr4oQespXDG4Hi/7HxBoSACt/IT2e6TAMp0Z8pmdHjQ=
github.com/enetx/g v1.0.181 h1:gieHUK9kF3YVgCP7hnw3GttlUvr3uLzuGWlev5Rq4oM=
github.com/enetx/g v1.0.181/go.mod h1:Kqt1FGFkwgQXSUkrpoUX21VVs83IVAj/KB5KYo2HNo8=
github.com/enetx/iter v0.0.0-20250819145406-b6f6c546a0f2 h1:iZxl3Sfd4aCCiptZQ+poIio/mdMgQtWGMS5VgNSauwc=
github.com/enetx/iter v0.0.0-20250819145406-b6f6c546a0f2/go.mod h1:OgQpctOnFaU6GJ9Ow3FVIbcqD4thdmSukVuZ5OhIAJc=
github.com/klauspost/compress v1.18.0 h1:c/Cqfb0r+Yi+JtIEq73FWXVkRonBlf0CRNYc8Zttxdo=
github.com/klauspost/compress v1.18.0/go.mod h1:2Pp+KzxcywXVXMr50+X0Q/Lsb43OQHYWRCY2AiWywWQ=
github.com/xyproto/randomstring v1.0.5 h1:YtlWPoRdgMu3NZtP45drfy1GKoojuR7hmRcnhZqKjWU=
github.com/xyproto/randomstring v1.0.5/go.mod h1:rgmS5DeNXLivK7YprL0pY+lTuhNQW3iGxZ18UQApw/E=
golang.org/x/text v0.28.0 h1:rhazDwis8INMIwQ4tpjLDzUhx6RlXqZNPEM0huQojng=
golang.org/x/text v0.28.0/go.mod h1:U8nCwOR8jO/marOQ0QbDiOngZVEBB7MAiitBuMjXiNU=
