github.com/PaulSonOfLars/gotgbot/v2 v2.0.0-rc.35.0.20260613110339-797c0d78445a h1:GrfvuQWpyQJAWxyZLc4g3JIAxKP9HhAr84+KuW2js00=
github.com/PaulSonOfLars/gotgbot/v2 v2.0.0-rc.35.0.20260613110339-797c0d78445a/go.mod h1:yrKnA/812p/Vh84TYQMz36/8SNLF7OOdTmKFr5i7W7g=
github.com/andybalholm/brotli v1.2.1 h1:R+f5xP285VArJDRgowrfb9DqL18yVK0gKAW/F+eTWro=
github.com/andybalholm/brotli v1.2.1/go.mod h1:rzTDkvFWvIrjDXZHkuS16NPggd91W3kUSvPlQ1pLaKY=
github.com/enetx/fsm v1.0.1 h1:1ectFAsyLeCtEoewgwIDAibzTz7tNHBaxGYXRiIZ6XU=
github.com/enetx/fsm v1.0.1/go.mod h1:Desq24LfWhX3aJbNeKXjgQodqWNgVObTTr4IPKlLJsY=
github.com/enetx/g v1.0.225 h1:XqaAboCyswfJnx3o6YNrpL+mZrDuh+eKeHUQI/KRxbw=
github.com/enetx/g v1.0.225/go.mod h1:lxhby3LjP8jOTGbxJ/PCd+2Zq1gYiSBbtL/llPhAg5c=
github.com/enetx/iter v0.0.0-20250912135656-f1583323588f h1:GUW+4AWfECIEJ9oAxgEAVGCpaozMCjRiUYnuR6Q0bCQ=
github.com/enetx/iter v0.0.0-20250912135656-f1583323588f/go.mod h1:oMZN8hGLUpi7QBlMEUqailocNy0NFAO/7Lu+Nwh9HMM=
github.com/klauspost/compress v1.18.5 h1:/h1gH5Ce+VWNLSWqPzOVn6XBO+vJbCNGvjoaGBFW2IE=
github.com/klauspost/compress v1.18.5/go.mod h1:cwPg85FWrGar70rWktvGQj8/hthj3wpl0PGDogxkrSQ=
github.com/xyproto/randomstring v1.0.5 h1:YtlWPoRdgMu3NZtP45drfy1GKoojuR7hmRcnhZqKjWU=
github.com/xyproto/randomstring v1.0.5/go.mod h1:rgmS5DeNXLivK7YprL0pY+lTuhNQW3iGxZ18UQApw/E=
golang.org/x/text v0.35.0 h1:JOVx6vVDFokkpaq1AEptVzLTpDe9KGpj5tR4/X+ybL8=
golang.org/x/text v0.35.0/go.mod h1:khi/HExzZJ2pGnjenulevKNX1W67CUy0AsXcNubPGCA=
