github.com/PaulSonOfLars/gotgbot/v2 v2.0.0-rc.33.0.20250819201128-730c29ba9ca1 h1:PG8W9nQTtxWYpYDP9OyK36gaCPda+YdxNdPgCx9zTJ8=
github.com/PaulSonOfLars/gotgbot/v2 v2.0.0-rc.33.0.20250819201128-730c29ba9ca1/go.mod h1:BSzsfjlE0wakLw2/U1FtO8rdVt+Z+4VyoGo/YcGD9QQ=
github.com/andybalholm/brotli v1.2.0 h1:ukwgCxwYrmACq68yiUqwIWnGY0cTPox/M94sVwToPjQ=
github.com/andybalholm/brotli v1.2.0/go.mod h1:rzTDkvFWvIrjDXZHkuS16NPggd91W3kUSvPlQ1pLaKY=
github.com/enetx/fsm v0.0.0-20250819181522-9c3db7c09e1e h1:ksxG5KQ6yBNf3O7h3Kwbp2OP4EVMKVHgHqeTHB7nzjE=
github.com/enetx/fsm v0.0.0-20250819181522-9c3db7c09e1e/go.mod h1:ih+1w7z/ruhb1aoWpOfn2HBT4hecfLWD6GRYfsJz8GU=
github.com/enetx/g v1.0.184 h1:7KBLGI7VSqOszoT4NxUm9HRwn9U7rguJ0ZH6pLQQq+o=
github.com/enetx/g v1.0.184/go.mod h1:IOR2xLwqy08L+Ou2kTsQI0qnu8PuVgphDA+g76Mxzmk=
github.com/enetx/iter v0.0.0-20250821190907-66d3da534336 h1:sjD29LeiVqcbfLwR4k2iN6rGAEu0NDcLsXKFgg5GTeQ=
github.com/enetx/iter v0.0.0-20250821190907-66d3da534336/go.mod h1:OgQpctOnFaU6GJ9Ow3FVIbcqD4thdmSukVuZ5OhIAJc=
github.com/klauspost/compress v1.18.0 h1:c/Cqfb0r+Yi+JtIEq73FWXVkRonBlf0CRNYc8Zttxdo=
github.com/klauspost/compress v1.18.0/go.mod h1:2Pp+KzxcywXVXMr50+X0Q/Lsb43OQHYWRCY2AiWywWQ=
github.com/xyproto/randomstring v1.0.5 h1:YtlWPoRdgMu3NZtP45drfy1GKoojuR7hmRcnhZqKjWU=
github.com/xyproto/randomstring v1.0.5/go.mod h1:rgmS5DeNXLivK7YprL0pY+lTuhNQW3iGxZ18UQApw/E=
golang.org/x/text v0.28.0 h1:rhazDwis8INMIwQ4tpjLDzUhx6RlXqZNPEM0huQojng=
golang.org/x/text v0.28.0/go.mod h1:U8nCwOR8jO/marOQ0QbDiOngZVEBB7MAiitBuMjXiNU=
